
Microsoft Visual Studio Solution File, Format Version 12.00
# Visual Studio Version 16
VisualStudioVersion = 16.0.30114.105
MinimumVisualStudioVersion = 10.0.40219.1
Project("{2150E333-8FDC-42A3-9474-1A3956D46DE8}") = "src", "src", "{E656724A-5D87-4315-B3C4-A6BBE8F2DC3F}"
EndProject
Project("{FAE04EC0-301F-11D3-BF4B-00C04F79EFBC}") = "Sample", "src\Sample\Sample.csproj", "{F10EDD72-D403-43A2-B982-88428465544C}"
EndProject
Global
	GlobalSection(SolutionConfigurationPlatforms) = preSolution
		Debug|Any CPU = Debug|Any CPU
		Release|Any CPU = Release|Any CPU
	EndGlobalSection
	GlobalSection(SolutionProperties) = preSolution
		HideSolutionNode = FALSE
	EndGlobalSection
	GlobalSection(ProjectConfigurationPlatforms) = postSolution
		{F10EDD72-D403-43A2-B982-88428465544C}.Debug|Any CPU.ActiveCfg = Debug|Any CPU
		{F10EDD72-D403-43A2-B982-88428465544C}.Debug|Any CPU.Build.0 = Debug|Any CPU
		{F10EDD72-D403-43A2-B982-88428465544C}.Release|Any CPU.ActiveCfg = Release|Any CPU
		{F10EDD72-D403-43A2-B982-88428465544C}.Release|Any CPU.Build.0 = Release|Any CPU
	EndGlobalSection
	GlobalSection(NestedProjects) = preSolution
		{F10EDD72-D403-43A2-B982-88428465544C} = {E656724A-5D87-4315-B3C4-A6BBE8F2DC3F}
	EndGlobalSection
EndGlobal
